
Microsoft Visual Studio Solution File, Format Version 12.00
Project("{FAE04EC0-301F-11D3-BF4B-00C04F79EFBC}") = "MonitorSensors", "MonitorSensors\MonitorSensors.csproj", "{214DFAE8-5DA1-4883-89DF-7050563910A5}"
EndProject
Global
	GlobalSection(SolutionConfigurationPlatforms) = preSolution
		Debug|Any CPU = Debug|Any CPU
		Release|Any CPU = Release|Any CPU
	EndGlobalSection
	GlobalSection(ProjectConfigurationPlatforms) = postSolution
		{214DFAE8-5DA1-4883-89DF-7050563910A5}.Debug|Any CPU.ActiveCfg = Debug|Any CPU
		{214DFAE8-5DA1-4883-89DF-7050563910A5}.Debug|Any CPU.Build.0 = Debug|Any CPU
		{214DFAE8-5DA1-4883-89DF-7050563910A5}.Release|Any CPU.ActiveCfg = Release|Any CPU
		{214DFAE8-5DA1-4883-89DF-7050563910A5}.Release|Any CPU.Build.0 = Release|Any CPU
	EndGlobalSection
EndGlobal
